NeoBundleLock context_filetype.vim 663682d20bca8c65ae0f4f75ed4c463095b1b5a3
NeoBundleLock emmet-vim af10f14ae5bf31e3cd3b4444e9c336b71821777b
NeoBundleLock html5.vim e5f9168812dbb2f32f6180173ea94f957ca5efc8
NeoBundleLock memolist.vim 782345c574e6e8edecdb3b09e7cc368023b81d67
NeoBundleLock neobundle.vim f5ace1d749382ab5e5a22670d57c61303a927b72
NeoBundleLock neocomplete-php.vim 68c3b3a6439c6c5cc0640260dde52eef197dd2f3
NeoBundleLock neocomplete.vim e5ec44a332e0179e320e2f76cfca8b9411fed354
NeoBundleLock neomru.vim 7df9999b841228661ff73909c5b9e34952331e22
NeoBundleLock neosnippet-snippets 753906042c079d64d038565e6e518e1318ea6ec6
NeoBundleLock neosnippet.vim 044c9cb8ca46a5e27eec37198990c26fe707b02a
NeoBundleLock nerdtree 3b98a7fcae8f9fff356907171f0406ff8cd28921
NeoBundleLock unite.vim b15be3a7b1e147bfc55f73d8e899b36f9f7a588b
NeoBundleLock vim-autoclose a9a3b7384657bc1f60a963fd6c08c63fc48d61c3
NeoBundleLock vim-css3-syntax 9301019689e88ab48742a4d1c32c6a094303040d
NeoBundleLock vim-easymotion 8acdfc60e58bb0600ded42a4f752bec6e3b6d882
NeoBundleLock vim-endwise bba43b831ae0485cf9b86d16340a6a314b927391
NeoBundleLock vimfiler 746e8e18bdc1079d46283de183f7f4824d7b9f92
NeoBundleLock vimproc 0f68bcd93399ecbcde3eaa4efd09107314c9bdee
NeoBundleLock vimshell b65c2d530a7e42572bf404c7f8744655a4091ebe
